
Microsoft Visual Studio Solution File, Format Version 12.00
# Visual Studio Version 17
VisualStudioVersion = 17.5.33424.131
MinimumVisualStudioVersion = 10.0.40219.1
Project("{FAE04EC0-301F-11D3-BF4B-00C04F79EFBC}") = "vehiclebooking", "vehiclebooking\vehiclebooking.csproj", "{E450FA22-0272-4F11-A97E-F5B572243DBD}"
EndProject
Global
	GlobalSection(SolutionConfigurationPlatforms) = preSolution
		Debug|Any CPU = Debug|Any CPU
		Release|Any CPU = Release|Any CPU
	EndGlobalSection
	GlobalSection(ProjectConfigurationPlatforms) = postSolution
		{E450FA22-0272-4F11-A97E-F5B572243DBD}.Debug|Any CPU.ActiveCfg = Debug|Any CPU
		{E450FA22-0272-4F11-A97E-F5B572243DBD}.Debug|Any CPU.Build.0 = Debug|Any CPU
		{E450FA22-0272-4F11-A97E-F5B572243DBD}.Release|Any CPU.ActiveCfg = Release|Any CPU
		{E450FA22-0272-4F11-A97E-F5B572243DBD}.Release|Any CPU.Build.0 = Release|Any CPU
	EndGlobalSection
	GlobalSection(SolutionProperties) = preSolution
		HideSolutionNode = FALSE
	EndGlobalSection
	GlobalSection(ExtensibilityGlobals) = postSolution
		SolutionGuid = {655444FC-346C-496B-A088-BCE9D8D18B8D}
	EndGlobalSection
EndGlobal
